
Microsoft Visual Studio Solution File, Format Version 12.00
# Visual Studio Version 17
VisualStudioVersion = 17.3.32819.101
MinimumVisualStudioVersion = 10.0.40219.1
Project("{FAE04EC0-301F-11D3-BF4B-00C04F79EFBC}") = "WebAPI", "WebAPI.csproj", "{DB239747-0358-44AB-B70C-10D5D39E75C9}"
EndProject
Global
	GlobalSection(SolutionConfigurationPlatforms) = preSolution
		Debug|Any CPU = Debug|Any CPU
		Release|Any CPU = Release|Any CPU
	EndGlobalSection
	GlobalSection(ProjectConfigurationPlatforms) = postSolution
		{DB239747-0358-44AB-B70C-10D5D39E75C9}.Debug|Any CPU.ActiveCfg = Debug|Any CPU
		{DB239747-0358-44AB-B70C-10D5D39E75C9}.Debug|Any CPU.Build.0 = Debug|Any CPU
		{DB239747-0358-44AB-B70C-10D5D39E75C9}.Release|Any CPU.ActiveCfg = Release|Any CPU
		{DB239747-0358-44AB-B70C-10D5D39E75C9}.Release|Any CPU.Build.0 = Release|Any CPU
	EndGlobalSection
	GlobalSection(SolutionProperties) = preSolution
		HideSolutionNode = FALSE
	EndGlobalSection
	GlobalSection(ExtensibilityGlobals) = postSolution
		SolutionGuid = {CBE9B225-E676-4729-BDEA-DCCEDCB5AF65}
	EndGlobalSection
EndGlobal
